// !$*UTF8*$!
{
	archiveVersion = 1;
	classes = {
	};
	objectVersion = 46;
	objects = {

/* Begin PBXBuildFile section */
		3F8DC4291BB46B21000A757B /* AppDelegate.swift in Sources */ = {isa = PBXBuildFile; fileRef = 3F8DC4281BB46B21000A757B /* AppDelegate.swift */; };
		3F8DC42B1BB46B21000A757B /* ViewController.swift in Sources */ = {isa = PBXBuildFile; fileRef = 3F8DC42A1BB46B21000A757B /* ViewController.swift */; };
		3F8DC42E1BB46B21000A757B /* Main.storyboard in Resources */ = {isa = PBXBuildFile; fileRef = 3F8DC42C1BB46B21000A757B /* Main.storyboard */; };
		3F8DC4301BB46B21000A757B /* Assets.xcassets in Resources */ = {isa = PBXBuildFile; fileRef = 3F8DC42F1BB46B21000A757B /* Assets.xcassets */; };
		3F8DC4331BB46B21000A757B /* LaunchScreen.storyboard in Resources */ = {isa = PBXBuildFile; fileRef = 3F8DC4311BB46B21000A757B /* LaunchScreen.storyboard */; };
/* End PBXBuildFile section */

/* Begin PBXFileReference section */
		3F8DC4251BB46B21000A757B /* SimpleMemoryGame.app */ = {isa = PBXFileReference; explicitFileType = wrapper.application; includeInIndex = 0; path = SimpleMemoryGame.app; sourceTree = BUILT_PRODUCTS_DIR; };
		3F8DC4281BB46B21000A757B /* AppDelegate.swift */ = {isa = PBXFileReference; lastKnownFileType = sourcecode.swift; path = AppDelegate.swift; sourceTree = "<group>"; };
		3F8DC42A1BB46B21000A757B /* ViewController.swift */ = {isa = PBXFileReference; lastKnownFileType = sourcecode.swift; path = ViewController.swift; sourceTree = "<group>"; };
		3F8DC42D1BB46B21000A757B /* Base */ = {isa = PBXFileReference; lastKnownFileType = file.storyboard; name = Base; path = Base.lproj/Main.storyboard; sourceTree = "<group>"; };
		3F8DC42F1BB46B21000A757B /* Assets.xcassets */ = {isa = PBXFileReference; lastKnownFileType = folder.assetcatalog; path = Assets.xcassets; sourceTree = "<group>"; };
		3F8DC4321BB46B21000A757B /* Base */ = {isa = PBXFileReference; lastKnownFileType = file.storyboard; name = Base; path = Base.lproj/LaunchScreen.storyboard; sourceTree = "<group>"; };
		3F8DC4341BB46B21000A757B /* Info.plist */ = {isa = PBXFileReference; lastKnownFileType = text.plist.xml; path = Info.plist; sourceTree = "<group>"; };
/* End PBXFileReference section */

/* Begin PBXFrameworksBuildPhase section */
		3F8DC4221BB46B21000A757B /* Frameworks */ = {
			isa = PBXFrameworksBuildPhase;
			buildActionMask = 2147483647;
			files = (
			);
			runOnlyForDeploymentPostprocessing = 0;
		};
/* End PBXFrameworksBuildPhase section */

/* Begin PBXGroup section */
		3F8DC41C1BB46B21000A757B = {
			isa = PBXGroup;
			children = (
				3F8DC4271BB46B21000A757B /* SimpleMemoryGame */,
				3F8DC4261BB46B21000A757B /* Products */,
			);
			sourceTree = "<group>";
		};
		3F8DC4261BB46B21000A757B /* Products */ = {
			isa = PBXGroup;
			children = (
				3F8DC4251BB46B21000A757B /* SimpleMemoryGame.app */,
			);
			name = Products;
			sourceTree = "<group>";
		};
		3F8DC4271BB46B21000A757B /* SimpleMemoryGame */ = {
			isa = PBXGroup;
			children = (
				3F8DC4281BB46B21000A757B /* AppDelegate.swift */,
				3F8DC42A1BB46B21000A757B /* ViewController.swift */,
				3F8DC42C1BB46B21000A757B /* Main.storyboard */,
				3F8DC42F1BB46B21000A757B /* Assets.xcassets */,
				3F8DC4311BB46B21000A757B /* LaunchScreen.storyboard */,
				3F8DC4341BB46B21000A757B /* Info.plist */,
			);
			path = SimpleMemoryGame;
			sourceTree = "<group>";
		};
/* End PBXGroup section */

/* Begin PBXNativeTarget section */
		3F8DC4241BB46B21000A757B /* SimpleMemoryGame */ = {
			isa = PBXNativeTarget;
			buildConfigurationList = 3F8DC4371BB46B21000A757B /* Build configuration list for PBXNativeTarget "SimpleMemoryGame" */;
			buildPhases = (
				3F8DC4211BB46B21000A757B /* Sources */,
				3F8DC4221BB46B21000A757B /* Frameworks */,
				3F8DC4231BB46B21000A757B /* Resources */,
			);
			buildRules = (
			);
			dependencies = (
			);
			name = SimpleMemoryGame;
			productName = SimpleMemoryGame;
			productReference = 3F8DC4251BB46B21000A757B /* SimpleMemoryGame.app */;
			productType = "com.apple.product-type.application";
		};
/* End PBXNativeTarget section */

/* Begin PBXProject section */
		3F8DC41D1BB46B21000A757B /* Project object */ = {
			isa = PBXProject;
			attributes = {
				LastUpgradeCheck = 0700;
				ORGANIZATIONNAME = "Charles Findlay";
				TargetAttributes = {
					3F8DC4241BB46B21000A757B = {
						CreatedOnToolsVersion = 7.0;
					};
				};
			};
			buildConfigurationList = 3F8DC4201BB46B21000A757B /* Build configuration list for PBXProject "SimpleMemoryGame" */;
			compatibilityVersion = "Xcode 3.2";
			developmentRegion = English;
			hasScannedForEncodings = 0;
			knownRegions = (
				en,
				Base,
			);
			mainGroup = 3F8DC41C1BB46B21000A757B;
			productRefGroup = 3F8DC4261BB46B21000A757B /* Products */;
			projectDirPath = "";
			projectRoot = "";
			targets = (
				3F8DC4241BB46B21000A757B /* SimpleMemoryGame */,
			);
		};
/* End PBXProject section */

/* Begin PBXResourcesBuildPhase section */
		3F8DC4231BB46B21000A757B /* Resources */ = {
			isa = PBXResourcesBuildPhase;
			buildActionMask = 2147483647;
			files = (
				3F8DC4331BB46B21000A757B /* LaunchScreen.storyboard in Resources */,
				3F8DC4301BB46B21000A757B /* Assets.xcassets in Resources */,
				3F8DC42E1BB46B21000A757B /* Main.storyboard in Resources */,
			);
			runOnlyForDeploymentPostprocessing = 0;
		};
/* End PBXResourcesBuildPhase section */

/* Begin PBXSourcesBuildPhase section */
		3F8DC4211BB46B21000A757B /* Sources */ = {
			isa = PBXSourcesBuildPhase;
			buildActionMask = 2147483647;
			files = (
				3F8DC42B1BB46B21000A757B /* ViewController.swift in Sources */,
				3F8DC4291BB46B21000A757B /* AppDelegate.swift in Sources */,
			);
			runOnlyForDeploymentPostprocessing = 0;
		};
/* End PBXSourcesBuildPhase section */

/* Begin PBXVariantGroup section */
		3F8DC42C1BB46B21000A757B /* Main.storyboard */ = {
			isa = PBXVariantGroup;
			children = (
				3F8DC42D1BB46B21000A757B /* Base */,
			);
			name = Main.storyboard;
			sourceTree = "<group>";
		};
		3F8DC4311BB46B21000A757B /* LaunchScreen.storyboard */ = {
			isa = PBXVariantGroup;
			children = (
				3F8DC4321BB46B21000A757B /* Base */,
			);
			name = LaunchScreen.storyboard;
			sourceTree = "<group>";
		};
/* End PBXVariantGroup section */

/* Begin XCBuildConfiguration section */
		3F8DC4351BB46B21000A757B /* Debug */ = {
			isa = XCBuildConfiguration;
			buildSettings = {
				ALWAYS_SEARCH_USER_PATHS = NO;
				CLANG_CXX_LANGUAGE_STANDARD = "gnu++0x";
				CLANG_CXX_LIBRARY = "libc++";
				CLANG_ENABLE_MODULES = YES;
				CLANG_ENABLE_OBJC_ARC = YES;
				CLANG_WARN_BOOL_CONVERSION = YES;
				CLANG_WARN_CONSTANT_CONVERSION = YES;
				CLANG_WARN_DIRECT_OBJC_ISA_USAGE = YES_ERROR;
				CLANG_WARN_EMPTY_BODY = YES;
				CLANG_WARN_ENUM_CONVERSION = YES;
				CLANG_WARN_INT_CONVERSION = YES;
				CLANG_WARN_OBJC_ROOT_CLASS = YES_ERROR;
				CLANG_WARN_UNREACHABLE_CODE = YES;
				CLANG_WARN__DUPLICATE_METHOD_MATCH = YES;
				"CODE_SIGN_IDENTITY[sdk=iphoneos*]" = "iPhone Developer";
				COPY_PHASE_STRIP = NO;
				DEBUG_INFORMATION_FORMAT = dwarf;
				ENABLE_STRICT_OBJC_MSGSEND = YES;
				ENABLE_TESTABILITY = YES;
				GCC_C_LANGUAGE_STANDARD = gnu99;
				GCC_DYNAMIC_NO_PIC = NO;
				GCC_NO_COMMON_BLOCKS = YES;
				GCC_OPTIMIZATION_LEVEL = 0;
				GCC_PREPROCESSOR_DEFINITIONS = (
					"DEBUG=1",
					"$(inherited)",
				);
				GCC_WARN_64_TO_32_BIT_CONVERSION = YES;
				GCC_WARN_ABOUT_RETURN_TYPE = YES_ERROR;
				GCC_WARN_UNDECLARED_SELECTOR = YES;
				GCC_WARN_UNINITIALIZED_AUTOS = YES_AGGRESSIVE;
				GCC_WARN_UNUSED_FUNCTION = YES;
				GCC_WARN_UNUSED_VARIABLE = YES;
				IPHONEOS_DEPLOYMENT_TARGET = 9.0;
				MTL_ENABLE_DEBUG_INFO = YES;
				ONLY_ACTIVE_ARCH = YES;
				SDKROOT = iphoneos;
				SWIFT_OPTIMIZATION_LEVEL = "-Onone";
			};
			name = Debug;
		};
		3F8DC4361BB46B21000A757B /* Release */ = {
			isa = XCBuildConfiguration;
			buildSettings = {
				ALWAYS_SEARCH_USER_PATHS = NO;
				CLANG_CXX_LANGUAGE_STANDARD = "gnu++0x";
				CLANG_CXX_LIBRARY = "libc++";
				CLANG_ENABLE_MODULES = YES;
				CLANG_ENABLE_OBJC_ARC = YES;
				CLANG_WARN_BOOL_CONVERSION = YES;
				CLANG_WARN_CONSTANT_CONVERSION = YES;
				CLANG_WARN_DIRECT_OBJC_ISA_USAGE = YES_ERROR;
				CLANG_WARN_EMPTY_BODY = YES;
				CLANG_WARN_ENUM_CONVERSION = YES;
				CLANG_WARN_INT_CONVERSION = YES;
				CLANG_WARN_OBJC_ROOT_CLASS = YES_ERROR;
				CLANG_WARN_UNREACHABLE_CODE = YES;
				CLANG_WARN__DUPLICATE_METHOD_MATCH = YES;
				"CODE_SIGN_IDENTITY[sdk=iphoneos*]" = "iPhone Developer";
				COPY_PHASE_STRIP = NO;
				DEBUG_INFORMATION_FORMAT = "dwarf-with-dsym";
				ENABLE_NS_ASSERTIONS = NO;
				ENABLE_STRICT_OBJC_MSGSEND = YES;
				GCC_C_LANGUAGE_STANDARD = gnu99;
				GCC_NO_COMMON_BLOCKS = YES;
				GCC_WARN_64_TO_32_BIT_CONVERSION = YES;
				GCC_WARN_ABOUT_RETURN_TYPE = YES_ERROR;
				GCC_WARN_UNDECLARED_SELECTOR = YES;
				GCC_WARN_UNINITIALIZED_AUTOS = YES_AGGRESSIVE;
				GCC_WARN_UNUSED_FUNCTION = YES;
				GCC_WARN_UNUSED_VARIABLE = YES;
				IPHONEOS_DEPLOYMENT_TARGET = 9.0;
				MTL_ENABLE_DEBUG_INFO = NO;
				SDKROOT = iphoneos;
				VALIDATE_PRODUCT = YES;
			};
			name = Release;
		};
		3F8DC4381BB46B21000A757B /* Debug */ = {
			isa = XCBuildConfiguration;
			buildSettings = {
				ASSETCATALOG_COMPILER_APPICON_NAME = AppIcon;
				INFOPLIST_FILE = SimpleMemoryGame/Info.plist;
				LD_RUNPATH_SEARCH_PATHS = "$(inherited) @executable_path/Frameworks";
				PRODUCT_BUNDLE_IDENTIFIER = net.charlesfindlay.SimpleMemoryGame;
				PRODUCT_NAME = "$(TARGET_NAME)";
			};
			name = Debug;
		};
		3F8DC4391BB46B21000A757B /* Release */ = {
			isa = XCBuildConfiguration;
			buildSettings = {
				ASSETCATALOG_COMPILER_APPICON_NAME = AppIcon;
				INFOPLIST_FILE = SimpleMemoryGame/Info.plist;
				LD_RUNPATH_SEARCH_PATHS = "$(inherited) @executable_path/Frameworks";
				PRODUCT_BUNDLE_IDENTIFIER = net.charlesfindlay.SimpleMemoryGame;
				PRODUCT_NAME = "$(TARGET_NAME)";
			};
			name = Release;
		};
/* End XCBuildConfiguration section */

/* Begin XCConfigurationList section */
		3F8DC4201BB46B21000A757B /* Build configuration list for PBXProject "SimpleMemoryGame" */ = {
			isa = XCConfigurationList;
			buildConfigurations = (
				3F8DC4351BB46B21000A757B /* Debug */,
				3F8DC4361BB46B21000A757B /* Release */,
			);
			defaultConfigurationIsVisible = 0;
			defaultConfigurationName = Release;
		};
		3F8DC4371BB46B21000A757B /* Build configuration list for PBXNativeTarget "SimpleMemoryGame" */ = {
			isa = XCConfigurationList;
			buildConfigurations = (
				3F8DC4381BB46B21000A757B /* Debug */,
				3F8DC4391BB46B21000A757B /* Release */,
			);
			defaultConfigurationIsVisible = 0;
		};
/* End XCConfigurationList section */
	};
	rootObject = 3F8DC41D1BB46B21000A757B /* Project object */;
}
